# @generated by Move, please check-in and do not edit manually.

[move]
version = 3
manifest_digest = "0FAB78D0FE00941E06A5E719402443FF40289FC6CE951D038EA01FA099922562"
deps_digest = "F8BBB0CCB2491CA29A3DF03D6F92277A4F3574266507ACD77214D37ECA3F3082"
dependencies = [
  { id = "Sui", name = "Sui" },
]

[[move.package]]
id = "MoveStdlib"
source = { git = "https://github.com/MystenLabs/sui.git", rev = "framework/testnet", subdir = "crates\\sui-framework\\packages\\move-stdlib" }

[[move.package]]
id = "Sui"
source = { git = "https://github.com/MystenLabs/sui.git", rev = "framework/testnet", subdir = "crates/sui-framework/packages/sui-framework" }

dependencies = [
  { id = "MoveStdlib", name = "MoveStdlib" },
]

[move.toolchain-version]
compiler-version = "1.38.1"
edition = "2024.beta"
flavor = "sui"

[env]

[env.NewRPC]
chain-id = "4c78adac"
original-published-id = "0x320317ebbe53ba550d8558ca976159a4772efeb817ebf2d40c10ed2b7bc18270"
latest-published-id = "0x320317ebbe53ba550d8558ca976159a4772efeb817ebf2d40c10ed2b7bc18270"
published-version = "1"
